PODS:
  - Capacitor (7.4.3):
    - CapacitorCordova
  - CapacitorApp (7.1.0):
    - Capacitor
  - CapacitorBrowser (7.0.2):
    - Capacitor
  - CapacitorCordova (7.4.3)

DEPENDENCIES:
  - "Capacitor (from `../../node_modules/@capacitor/ios`)"
  - "CapacitorApp (from `../../node_modules/@capacitor/app`)"
  - "CapacitorBrowser (from `../../node_modules/@capacitor/browser`)"
  - "CapacitorCordova (from `../../node_modules/@capacitor/ios`)"

EXTERNAL SOURCES:
  Capacitor:
    :path: "../../node_modules/@capacitor/ios"
  CapacitorApp:
    :path: "../../node_modules/@capacitor/app"
  CapacitorBrowser:
    :path: "../../node_modules/@capacitor/browser"
  CapacitorCordova:
    :path: "../../node_modules/@capacitor/ios"

SPEC CHECKSUMS:
  Capacitor: b4741ca7affb32c1b70debd03df92cbf522d8a80
  CapacitorApp: 846d4b4a1dbb19dd1e9029c08ba6f028aa7be862
  CapacitorBrowser: 45c681e7abc3b4384e54eb52bafeef1347d98fa8
  CapacitorCordova: 435121e81a2df4d0034f0fb11fcefab5104cfdb5

PODFILE CHECKSUM: 4aff2922841799f9ef78cd5d462744c7648af68b

COCOAPODS: 1.16.2
